
Microsoft Visual Studio Solution File, Format Version 12.00
# Visual Studio Version 17
VisualStudioVersion = 17.4.33213.308
MinimumVisualStudioVersion = 10.0.40219.1
Project("{FAE04EC0-301F-11D3-BF4B-00C04F79EFBC}") = "DesafioBroker", "DesafioBroker\DesafioBroker.csproj", "{C5B13608-56B9-42D8-8337-1921023F8CE7}"
EndProject
Global
	GlobalSection(SolutionConfigurationPlatforms) = preSolution
		Debug|Any CPU = Debug|Any CPU
		Release|Any CPU = Release|Any CPU
	EndGlobalSection
	GlobalSection(ProjectConfigurationPlatforms) = postSolution
		{C5B13608-56B9-42D8-8337-1921023F8CE7}.Debug|Any CPU.ActiveCfg = Debug|Any CPU
		{C5B13608-56B9-42D8-8337-1921023F8CE7}.Debug|Any CPU.Build.0 = Debug|Any CPU
		{C5B13608-56B9-42D8-8337-1921023F8CE7}.Release|Any CPU.ActiveCfg = Release|Any CPU
		{C5B13608-56B9-42D8-8337-1921023F8CE7}.Release|Any CPU.Build.0 = Release|Any CPU
	EndGlobalSection
	GlobalSection(SolutionProperties) = preSolution
		HideSolutionNode = FALSE
	EndGlobalSection
	GlobalSection(ExtensibilityGlobals) = postSolution
		SolutionGuid = {AD154049-50A2-4921-982C-32C7799B8413}
	EndGlobalSection
EndGlobal
